
Microsoft Visual Studio Solution File, Format Version 12.00
# Visual Studio Version 17
VisualStudioVersion = 17.2.32602.215
MinimumVisualStudioVersion = 10.0.40219.1
Project("{9A19103F-16F7-4668-BE54-9A1E7A4F7556}") = "TrimVideo", "TrimVideo\TrimVideo.csproj", "{0B736BFD-1F59-47AB-8513-D6250A72D579}"
EndProject
Global
	GlobalSection(SolutionConfigurationPlatforms) = preSolution
		Debug|Any CPU = Debug|Any CPU
		Debug|x64 = Debug|x64
		Debug|x86 = Debug|x86
		Release|Any CPU = Release|Any CPU
		Release|x64 = Release|x64
		Release|x86 = Release|x86
	EndGlobalSection
	GlobalSection(ProjectConfigurationPlatforms) = postSolution
		{0B736BFD-1F59-47AB-8513-D6250A72D579}.Debug|Any CPU.ActiveCfg = Debug|Any CPU
		{0B736BFD-1F59-47AB-8513-D6250A72D579}.Debug|Any CPU.Build.0 = Debug|Any CPU
		{0B736BFD-1F59-47AB-8513-D6250A72D579}.Debug|x64.ActiveCfg = Debug|x64
		{0B736BFD-1F59-47AB-8513-D6250A72D579}.Debug|x64.Build.0 = Debug|x64
		{0B736BFD-1F59-47AB-8513-D6250A72D579}.Debug|x86.ActiveCfg = Debug|x86
		{0B736BFD-1F59-47AB-8513-D6250A72D579}.Debug|x86.Build.0 = Debug|x86
		{0B736BFD-1F59-47AB-8513-D6250A72D579}.Release|Any CPU.ActiveCfg = Release|Any CPU
		{0B736BFD-1F59-47AB-8513-D6250A72D579}.Release|Any CPU.Build.0 = Release|Any CPU
		{0B736BFD-1F59-47AB-8513-D6250A72D579}.Release|x64.ActiveCfg = Release|x64
		{0B736BFD-1F59-47AB-8513-D6250A72D579}.Release|x64.Build.0 = Release|x64
		{0B736BFD-1F59-47AB-8513-D6250A72D579}.Release|x86.ActiveCfg = Release|x86
		{0B736BFD-1F59-47AB-8513-D6250A72D579}.Release|x86.Build.0 = Release|x86
	EndGlobalSection
	GlobalSection(SolutionProperties) = preSolution
		HideSolutionNode = FALSE
	EndGlobalSection
	GlobalSection(ExtensibilityGlobals) = postSolution
		SolutionGuid = {AE87FBD8-45F7-47A6-8776-75BE86C6DAC6}
	EndGlobalSection
EndGlobal
